<Solution>
  <Project Path="backend.API/backend.API.csproj" />
  <Project Path="backend.Application/backend.Application.csproj" />
  <Project Path="backend.Domain/backend.Domain.csproj" />
  <Project Path="backend.Infrastructure/backend.Infrastructure.csproj" />
  <Project Path="backend.Persistence/backend.Persistence.csproj" />
</Solution>
